// !$*UTF8*$!
{
	archiveVersion = 1;
	classes = {
	};
	objectVersion = 50;
	objects = {

/* Begin PBXBuildFile section */
		4A0AA46B2C5ADFDC002979A3 /* dckvtype.c in Sources */ = {isa = PBXBuildFile; fileRef = 4A0AA46A2C5ADFDC002979A3 /* dckvtype.c */; };
		4A0AA46C2C5ADFDC002979A3 /* dckvtype.c in Sources */ = {isa = PBXBuildFile; fileRef = 4A0AA46A2C5ADFDC002979A3 /* dckvtype.c */; };
		4A0AA46D2C5ADFDC002979A3 /* dckvtype.c in Sources */ = {isa = PBXBuildFile; fileRef = 4A0AA46A2C5ADFDC002979A3 /* dckvtype.c */; };
		4A0AA46E2C5ADFDC002979A3 /* dckvtype.c in Sources */ = {isa = PBXBuildFile; fileRef = 4A0AA46A2C5ADFDC002979A3 /* dckvtype.c */; };
		4A0AA46F2C5ADFDC002979A3 /* dckvtype.c in Sources */ = {isa = PBXBuildFile; fileRef = 4A0AA46A2C5ADFDC002979A3 /* dckvtype.c */; };
		4A0AA4702C5ADFDC002979A3 /* dckvtype.c in Sources */ = {isa = PBXBuildFile; fileRef = 4A0AA46A2C5ADFDC002979A3 /* dckvtype.c */; };
		4A0AA4842C5AF4D7002979A3 /* dckvtype.h in Headers */ = {isa = PBXBuildFile; fileRef = 4ACCCA002BBF098900670A7F /* dckvtype.h */; settings = {ATTRIBUTES = (Public, ); }; };
		4A0AA48B2C5AF4DE002979A3 /* Repertoires.h in Headers */ = {isa = PBXBuildFile; fileRef = 4ACCC9F32BBE2ACF00670A7F /* Repertoires.h */; settings = {ATTRIBUTES = (Public, ); }; };
		4A0AA4922C5AF4E2002979A3 /* SopClasses.h in Headers */ = {isa = PBXBuildFile; fileRef = 4ACCC9F62BBE2ACF00670A7F /* SopClasses.h */; settings = {ATTRIBUTES = (Public, ); }; };
		4A0AA4992C5AF4EA002979A3 /* TransferSyntaxes.h in Headers */ = {isa = PBXBuildFile; fileRef = 4ACCC9F42BBE2ACF00670A7F /* TransferSyntaxes.h */; settings = {ATTRIBUTES = (Public, ); }; };
		4A0AA4A02C5AF4F1002979A3 /* eDCKVprefixtag.h in Headers */ = {isa = PBXBuildFile; fileRef = 4A80979F2BC034720042CAC1 /* eDCKVprefixtag.h */; settings = {ATTRIBUTES = (Public, ); }; };
		4A0AA4A72C5AF507002979A3 /* dckvapi.h in Headers */ = {isa = PBXBuildFile; fileRef = 4ACCCA032BBF3F1900670A7F /* dckvapi.h */; settings = {ATTRIBUTES = (Public, ); }; };
		4A0AA4AE2C5AF517002979A3 /* dicm2dckv.h in Headers */ = {isa = PBXBuildFile; fileRef = 4ACCC9F02BBE2ACF00670A7F /* dicm2dckv.h */; settings = {ATTRIBUTES = (Public, ); }; };
		4A39E4512C299968004DE4FB /* dckvapi.m in Sources */ = {isa = PBXBuildFile; fileRef = 4A39E4502C299968004DE4FB /* dckvapi.m */; };
		4A39E4572C299A41004DE4FB /* Repertoires.m in Sources */ = {isa = PBXBuildFile; fileRef = 4ACCC9F12BBE2ACF00670A7F /* Repertoires.m */; };
		4A39E4582C299A41004DE4FB /* SopClasses.m in Sources */ = {isa = PBXBuildFile; fileRef = 4ACCC9EF2BBE2ACF00670A7F /* SopClasses.m */; };
		4A39E4592C299A41004DE4FB /* TransferSyntaxes.m in Sources */ = {isa = PBXBuildFile; fileRef = 4ACCC9F52BBE2ACF00670A7F /* TransferSyntaxes.m */; };
		4A39E45F2C299A69004DE4FB /* main.m in Sources */ = {isa = PBXBuildFile; fileRef = 4ACCC9E72BBDC40A00670A7F /* main.m */; };
		4A39E4652C299A8F004DE4FB /* dicm2dckv.m in Sources */ = {isa = PBXBuildFile; fileRef = 4ACCC9F22BBE2ACF00670A7F /* dicm2dckv.m */; };
		4A39E46C2C2A342B004DE4FB /* eDCKVprefixtag.m in Sources */ = {isa = PBXBuildFile; fileRef = 4A39E46B2C2A342B004DE4FB /* eDCKVprefixtag.m */; };
		4A6982AE2C1CE43A0094F9D9 /* mdbx.c in Sources */ = {isa = PBXBuildFile; fileRef = 4A6982AD2C1CE43A0094F9D9 /* mdbx.c */; };
		4A8098032BC90A540042CAC1 /* dckvapi.m in Sources */ = {isa = PBXBuildFile; fileRef = 4A8097AF2BC4079A0042CAC1 /* dckvapi.m */; };
		4A80980A2BC90AB50042CAC1 /* Repertoires.m in Sources */ = {isa = PBXBuildFile; fileRef = 4ACCC9F12BBE2ACF00670A7F /* Repertoires.m */; };
		4A80980B2BC90AB50042CAC1 /* SopClasses.m in Sources */ = {isa = PBXBuildFile; fileRef = 4ACCC9EF2BBE2ACF00670A7F /* SopClasses.m */; };
		4A80980C2BC90AB50042CAC1 /* TransferSyntaxes.m in Sources */ = {isa = PBXBuildFile; fileRef = 4ACCC9F52BBE2ACF00670A7F /* TransferSyntaxes.m */; };
		4A80980D2BC90AB50042CAC1 /* dicm2dckv.m in Sources */ = {isa = PBXBuildFile; fileRef = 4ACCC9F22BBE2ACF00670A7F /* dicm2dckv.m */; };
		4A80980E2BC90AB50042CAC1 /* main.m in Sources */ = {isa = PBXBuildFile; fileRef = 4ACCC9E72BBDC40A00670A7F /* main.m */; };
		4A80982D2BC931FE0042CAC1 /* dckvapi.m in Sources */ = {isa = PBXBuildFile; fileRef = 4A80982C2BC931FE0042CAC1 /* dckvapi.m */; };
		4A8099362BCE91B90042CAC1 /* dckvapi.m in Sources */ = {isa = PBXBuildFile; fileRef = 4A8097B12BC4079A0042CAC1 /* dckvapi.m */; };
		4A80997E2BD0A62B0042CAC1 /* main.m in Sources */ = {isa = PBXBuildFile; fileRef = 4ACCC9E72BBDC40A00670A7F /* main.m */; };
		4A8099842BD0A62F0042CAC1 /* dicm2dckv.m in Sources */ = {isa = PBXBuildFile; fileRef = 4ACCC9F22BBE2ACF00670A7F /* dicm2dckv.m */; };
		4A80998A2BD0A6370042CAC1 /* Repertoires.m in Sources */ = {isa = PBXBuildFile; fileRef = 4ACCC9F12BBE2ACF00670A7F /* Repertoires.m */; };
		4A8099902BD0A63D0042CAC1 /* SopClasses.m in Sources */ = {isa = PBXBuildFile; fileRef = 4ACCC9EF2BBE2ACF00670A7F /* SopClasses.m */; };
		4A8099962BD0A6420042CAC1 /* TransferSyntaxes.m in Sources */ = {isa = PBXBuildFile; fileRef = 4ACCC9F52BBE2ACF00670A7F /* TransferSyntaxes.m */; };
		4A8099A42BD0A6660042CAC1 /* dckvapi.m in Sources */ = {isa = PBXBuildFile; fileRef = 4A80999C2BD0A6590042CAC1 /* dckvapi.m */; };
		4AC9A5182C5451EE0078C566 /* Repertoires.m in Sources */ = {isa = PBXBuildFile; fileRef = 4ACCC9F12BBE2ACF00670A7F /* Repertoires.m */; };
		4AC9A5192C5451EE0078C566 /* SopClasses.m in Sources */ = {isa = PBXBuildFile; fileRef = 4ACCC9EF2BBE2ACF00670A7F /* SopClasses.m */; };
		4AC9A51A2C5451EE0078C566 /* TransferSyntaxes.m in Sources */ = {isa = PBXBuildFile; fileRef = 4ACCC9F52BBE2ACF00670A7F /* TransferSyntaxes.m */; };
		4AC9A51B2C5451EE0078C566 /* dicm2dckv.m in Sources */ = {isa = PBXBuildFile; fileRef = 4ACCC9F22BBE2ACF00670A7F /* dicm2dckv.m */; };
		4AC9A51C2C5451EE0078C566 /* main.m in Sources */ = {isa = PBXBuildFile; fileRef = 4ACCC9E72BBDC40A00670A7F /* main.m */; };
		4AC9A53F2C54532C0078C566 /* dckvapi.m in Sources */ = {isa = PBXBuildFile; fileRef = 4AC9A5372C54531B0078C566 /* dckvapi.m */; };
		4ACCC9E82BBDC40A00670A7F /* main.m in Sources */ = {isa = PBXBuildFile; fileRef = 4ACCC9E72BBDC40A00670A7F /* main.m */; };
		4ACCC9F72BBE2ACF00670A7F /* SopClasses.m in Sources */ = {isa = PBXBuildFile; fileRef = 4ACCC9EF2BBE2ACF00670A7F /* SopClasses.m */; };
		4ACCC9F82BBE2ACF00670A7F /* Repertoires.m in Sources */ = {isa = PBXBuildFile; fileRef = 4ACCC9F12BBE2ACF00670A7F /* Repertoires.m */; };
		4ACCC9F92BBE2ACF00670A7F /* dicm2dckv.m in Sources */ = {isa = PBXBuildFile; fileRef = 4ACCC9F22BBE2ACF00670A7F /* dicm2dckv.m */; };
		4ACCC9FA2BBE2ACF00670A7F /* TransferSyntaxes.m in Sources */ = {isa = PBXBuildFile; fileRef = 4ACCC9F52BBE2ACF00670A7F /* TransferSyntaxes.m */; };
/* End PBXBuildFile section */

/* Begin PBXCopyFilesBuildPhase section */
		4A39E43B2C2998F7004DE4FB /* CopyFiles */ = {
			isa = PBXCopyFilesBuildPhase;
			buildActionMask = 2147483647;
			dstPath = /usr/share/man/man1/;
			dstSubfolderSpec = 0;
			files = (
			);
			runOnlyForDeploymentPostprocessing = 1;
		};
		4A8097F72BC90A370042CAC1 /* CopyFiles */ = {
			isa = PBXCopyFilesBuildPhase;
			buildActionMask = 2147483647;
			dstPath = /usr/share/man/man1/;
			dstSubfolderSpec = 0;
			files = (
			);
			runOnlyForDeploymentPostprocessing = 1;
		};
		4A8098282BC931FE0042CAC1 /* CopyFiles */ = {
			isa = PBXCopyFilesBuildPhase;
			buildActionMask = 2147483647;
			dstPath = /usr/share/man/man1/;
			dstSubfolderSpec = 0;
			files = (
			);
			runOnlyForDeploymentPostprocessing = 1;
		};
		4A80996B2BD0A5DA0042CAC1 /* CopyFiles */ = {
			isa = PBXCopyFilesBuildPhase;
			buildActionMask = 2147483647;
			dstPath = /usr/share/man/man1/;
			dstSubfolderSpec = 0;
			files = (
			);
			runOnlyForDeploymentPostprocessing = 1;
		};
		4AC9A51F2C5451EE0078C566 /* CopyFiles */ = {
			isa = PBXCopyFilesBuildPhase;
			buildActionMask = 2147483647;
			dstPath = /usr/share/man/man1/;
			dstSubfolderSpec = 0;
			files = (
			);
			runOnlyForDeploymentPostprocessing = 1;
		};
		4ACCC9E22BBDC40A00670A7F /* CopyFiles */ = {
			isa = PBXCopyFilesBuildPhase;
			buildActionMask = 2147483647;
			dstPath = /usr/share/man/man1/;
			dstSubfolderSpec = 0;
			files = (
			);
			runOnlyForDeploymentPostprocessing = 1;
		};
/* End PBXCopyFilesBuildPhase section */

/* Begin PBXFileReference section */
		4A0AA46A2C5ADFDC002979A3 /* dckvtype.c */ = {isa = PBXFileReference; lastKnownFileType = sourcecode.c.c; path = dckvtype.c; sourceTree = "<group>"; };
		4A39E4282C20669B004DE4FB /* README.md */ = {isa = PBXFileReference; lastKnownFileType = net.daringfireball.markdown; path = README.md; sourceTree = "<group>"; };
		4A39E43D2C2998F7004DE4FB /* eDCKVinline */ = {isa = PBXFileReference; explicitFileType = "compiled.mach-o.executable"; includeInIndex = 0; path = eDCKVinline; sourceTree = BUILT_PRODUCTS_DIR; };
		4A39E44F2C299968004DE4FB /* README.md */ = {isa = PBXFileReference; fileEncoding = 4; lastKnownFileType = net.daringfireball.markdown; path = README.md; sourceTree = "<group>"; };
		4A39E4502C299968004DE4FB /* dckvapi.m */ = {isa = PBXFileReference; fileEncoding = 4; lastKnownFileType = sourcecode.c.objc; path = dckvapi.m; sourceTree = "<group>"; };
		4A39E46B2C2A342B004DE4FB /* eDCKVprefixtag.m */ = {isa = PBXFileReference; lastKnownFileType = sourcecode.c.objc; path = eDCKVprefixtag.m; sourceTree = "<group>"; };
		4A6982AC2C1CE43A0094F9D9 /* mdbx.h */ = {isa = PBXFileReference; fileEncoding = 4; lastKnownFileType = sourcecode.c.h; path = mdbx.h; sourceTree = "<group>"; };
		4A6982AD2C1CE43A0094F9D9 /* mdbx.c */ = {isa = PBXFileReference; fileEncoding = 4; lastKnownFileType = sourcecode.c.c; path = mdbx.c; sourceTree = "<group>"; };
		4A80979F2BC034720042CAC1 /* eDCKVprefixtag.h */ = {isa = PBXFileReference; lastKnownFileType = sourcecode.c.h; path = eDCKVprefixtag.h; sourceTree = "<group>"; };
		4A8097AA2BC189A20042CAC1 /* README.md */ = {isa = PBXFileReference; lastKnownFileType = net.daringfireball.markdown; path = README.md; sourceTree = "<group>"; };
		4A8097AF2BC4079A0042CAC1 /* dckvapi.m */ = {isa = PBXFileReference; lastKnownFileType = sourcecode.c.objc; path = dckvapi.m; sourceTree = "<group>"; };
		4A8097B12BC4079A0042CAC1 /* dckvapi.m */ = {isa = PBXFileReference; lastKnownFileType = sourcecode.c.objc; path = dckvapi.m; sourceTree = "<group>"; };
		4A8097F92BC90A370042CAC1 /* dicmstructdump */ = {isa = PBXFileReference; explicitFileType = "compiled.mach-o.executable"; includeInIndex = 0; path = dicmstructdump; sourceTree = BUILT_PRODUCTS_DIR; };
		4A8098142BC90B320042CAC1 /* README.md */ = {isa = PBXFileReference; lastKnownFileType = net.daringfireball.markdown; path = README.md; sourceTree = "<group>"; };
		4A8098152BC90B6A0042CAC1 /* TODO.txt */ = {isa = PBXFileReference; lastKnownFileType = text; path = TODO.txt; sourceTree = "<group>"; };
		4A80981E2BC931D80042CAC1 /* dckvapi.m */ = {isa = PBXFileReference; lastKnownFileType = sourcecode.c.objc; path = dckvapi.m; sourceTree = "<group>"; };
		4A80982A2BC931FE0042CAC1 /* dicm2xml */ = {isa = PBXFileReference; explicitFileType = "compiled.mach-o.executable"; includeInIndex = 0; path = dicm2xml; sourceTree = BUILT_PRODUCTS_DIR; };
		4A80982C2BC931FE0042CAC1 /* dckvapi.m */ = {isa = PBXFileReference; lastKnownFileType = sourcecode.c.objc; path = dckvapi.m; sourceTree = "<group>"; };
		4A80992B2BCE913C0042CAC1 /* README.md */ = {isa = PBXFileReference; lastKnownFileType = net.daringfireball.markdown; path = README.md; sourceTree = "<group>"; };
		4A8099612BD0A3690042CAC1 /* README.md */ = {isa = PBXFileReference; lastKnownFileType = net.daringfireball.markdown; path = README.md; sourceTree = "<group>"; };
		4A80996D2BD0A5DA0042CAC1 /* dicm2jsonbinref */ = {isa = PBXFileReference; explicitFileType = "compiled.mach-o.executable"; includeInIndex = 0; path = dicm2jsonbinref; sourceTree = BUILT_PRODUCTS_DIR; };
		4A80999C2BD0A6590042CAC1 /* dckvapi.m */ = {isa = PBXFileReference; fileEncoding = 4; lastKnownFileType = sourcecode.c.objc; path = dckvapi.m; sourceTree = "<group>"; };
		4A80999D2BD0A6590042CAC1 /* README.md */ = {isa = PBXFileReference; fileEncoding = 4; lastKnownFileType = net.daringfireball.markdown; path = README.md; sourceTree = "<group>"; };
		4A8099B62BDBEEC80042CAC1 /* dcmtk */ = {isa = PBXFileReference; lastKnownFileType = folder; path = dcmtk; sourceTree = "<group>"; };
		4ABA009D2C0A1CB80066AED3 /* doc_fread.txt */ = {isa = PBXFileReference; lastKnownFileType = text; path = doc_fread.txt; sourceTree = "<group>"; };
		4AC9A5102C4AE2290078C566 /* snippets */ = {isa = PBXFileReference; lastKnownFileType = text; path = snippets; sourceTree = "<group>"; };
		4AC9A5232C5451EE0078C566 /* dicm2cda */ = {isa = PBXFileReference; explicitFileType = "compiled.mach-o.executable"; includeInIndex = 0; path = dicm2cda; sourceTree = BUILT_PRODUCTS_DIR; };
		4AC9A5372C54531B0078C566 /* dckvapi.m */ = {isa = PBXFileReference; fileEncoding = 4; lastKnownFileType = sourcecode.c.objc; path = dckvapi.m; sourceTree = "<group>"; };
		4AC9A5462C54550B0078C566 /* README.md */ = {isa = PBXFileReference; lastKnownFileType = net.daringfireball.markdown; path = README.md; sourceTree = "<group>"; };
		4ACCC9E42BBDC40A00670A7F /* dicm2mdbx */ = {isa = PBXFileReference; explicitFileType = "compiled.mach-o.executable"; includeInIndex = 0; path = dicm2mdbx; sourceTree = BUILT_PRODUCTS_DIR; };
		4ACCC9E72BBDC40A00670A7F /* main.m */ = {isa = PBXFileReference; lastKnownFileType = sourcecode.c.objc; path = main.m; sourceTree = "<group>"; };
		4ACCC9EF2BBE2ACF00670A7F /* SopClasses.m */ = {isa = PBXFileReference; fileEncoding = 4; lastKnownFileType = sourcecode.c.objc; path = SopClasses.m; sourceTree = "<group>"; };
		4ACCC9F02BBE2ACF00670A7F /* dicm2dckv.h */ = {isa = PBXFileReference; fileEncoding = 4; lastKnownFileType = sourcecode.c.h; path = dicm2dckv.h; sourceTree = "<group>"; };
		4ACCC9F12BBE2ACF00670A7F /* Repertoires.m */ = {isa = PBXFileReference; fileEncoding = 4; lastKnownFileType = sourcecode.c.objc; path = Repertoires.m; sourceTree = "<group>"; };
		4ACCC9F22BBE2ACF00670A7F /* dicm2dckv.m */ = {isa = PBXFileReference; fileEncoding = 4; lastKnownFileType = sourcecode.c.objc; path = dicm2dckv.m; sourceTree = "<group>"; };
		4ACCC9F32BBE2ACF00670A7F /* Repertoires.h */ = {isa = PBXFileReference; fileEncoding = 4; lastKnownFileType = sourcecode.c.h; path = Repertoires.h; sourceTree = "<group>"; };
		4ACCC9F42BBE2ACF00670A7F /* TransferSyntaxes.h */ = {isa = PBXFileReference; fileEncoding = 4; lastKnownFileType = sourcecode.c.h; path = TransferSyntaxes.h; sourceTree = "<group>"; };
		4ACCC9F52BBE2ACF00670A7F /* TransferSyntaxes.m */ = {isa = PBXFileReference; fileEncoding = 4; lastKnownFileType = sourcecode.c.objc; path = TransferSyntaxes.m; sourceTree = "<group>"; };
		4ACCC9F62BBE2ACF00670A7F /* SopClasses.h */ = {isa = PBXFileReference; fileEncoding = 4; lastKnownFileType = sourcecode.c.h; path = SopClasses.h; sourceTree = "<group>"; };
		4ACCCA002BBF098900670A7F /* dckvtype.h */ = {isa = PBXFileReference; fileEncoding = 4; lastKnownFileType = sourcecode.c.h; path = dckvtype.h; sourceTree = "<group>"; };
		4ACCCA032BBF3F1900670A7F /* dckvapi.h */ = {isa = PBXFileReference; lastKnownFileType = sourcecode.c.h; path = dckvapi.h; sourceTree = "<group>"; };
/* End PBXFileReference section */

/* Begin PBXFrameworksBuildPhase section */
		4A39E43A2C2998F7004DE4FB /* Frameworks */ = {
			isa = PBXFrameworksBuildPhase;
			buildActionMask = 2147483647;
			files = (
			);
			runOnlyForDeploymentPostprocessing = 0;
		};
		4A8097F62BC90A370042CAC1 /* Frameworks */ = {
			isa = PBXFrameworksBuildPhase;
			buildActionMask = 2147483647;
			files = (
			);
			runOnlyForDeploymentPostprocessing = 0;
		};
		4A8098272BC931FE0042CAC1 /* Frameworks */ = {
			isa = PBXFrameworksBuildPhase;
			buildActionMask = 2147483647;
			files = (
			);
			runOnlyForDeploymentPostprocessing = 0;
		};
		4A80996A2BD0A5DA0042CAC1 /* Frameworks */ = {
			isa = PBXFrameworksBuildPhase;
			buildActionMask = 2147483647;
			files = (
			);
			runOnlyForDeploymentPostprocessing = 0;
		};
		4AC9A51E2C5451EE0078C566 /* Frameworks */ = {
			isa = PBXFrameworksBuildPhase;
			buildActionMask = 2147483647;
			files = (
			);
			runOnlyForDeploymentPostprocessing = 0;
		};
		4ACCC9E12BBDC40A00670A7F /* Frameworks */ = {
			isa = PBXFrameworksBuildPhase;
			buildActionMask = 2147483647;
			files = (
			);
			runOnlyForDeploymentPostprocessing = 0;
		};
/* End PBXFrameworksBuildPhase section */

/* Begin PBXGroup section */
		4A39E44E2C299968004DE4FB /* eDCKVinline */ = {
			isa = PBXGroup;
			children = (
				4A39E44F2C299968004DE4FB /* README.md */,
				4A39E4502C299968004DE4FB /* dckvapi.m */,
				4AC9A5102C4AE2290078C566 /* snippets */,
			);
			path = eDCKVinline;
			sourceTree = "<group>";
		};
		4A8097A22BC181380042CAC1 /* dckvvapi */ = {
			isa = PBXGroup;
			children = (
				4AC9A5302C5452A40078C566 /* dicm2cda */,
				4A39E44E2C299968004DE4FB /* eDCKVinline */,
				4A8097B02BC4079A0042CAC1 /* dicm2mdbx */,
				4A8097FA2BC90A370042CAC1 /* dicmstructdump */,
				4A8099642BD0A5290042CAC1 /* dicm2jsonbinref */,
				4A80981D2BC931D80042CAC1 /* dicm2jsoninline */,
				4A80982B2BC931FE0042CAC1 /* dicm2xml */,
			);
			name = dckvvapi;
			sourceTree = "<group>";
		};
		4A8097B02BC4079A0042CAC1 /* dicm2mdbx */ = {
			isa = PBXGroup;
			children = (
				4A6982AD2C1CE43A0094F9D9 /* mdbx.c */,
				4A6982AC2C1CE43A0094F9D9 /* mdbx.h */,
				4A8097B12BC4079A0042CAC1 /* dckvapi.m */,
				4A39E4282C20669B004DE4FB /* README.md */,
			);
			path = dicm2mdbx;
			sourceTree = "<group>";
		};
		4A8097FA2BC90A370042CAC1 /* dicmstructdump */ = {
			isa = PBXGroup;
			children = (
				4A8097AF2BC4079A0042CAC1 /* dckvapi.m */,
				4A8098142BC90B320042CAC1 /* README.md */,
			);
			path = dicmstructdump;
			sourceTree = "<group>";
		};
		4A80981D2BC931D80042CAC1 /* dicm2jsoninline */ = {
			isa = PBXGroup;
			children = (
				4A8099612BD0A3690042CAC1 /* README.md */,
				4A80981E2BC931D80042CAC1 /* dckvapi.m */,
			);
			path = dicm2jsoninline;
			sourceTree = "<group>";
		};
		4A80982B2BC931FE0042CAC1 /* dicm2xml */ = {
			isa = PBXGroup;
			children = (
				4A80982C2BC931FE0042CAC1 /* dckvapi.m */,
			);
			path = dicm2xml;
			sourceTree = "<group>";
		};
		4A8099422BCE92690042CAC1 /* dicm */ = {
			isa = PBXGroup;
			children = (
				4ACCC9F32BBE2ACF00670A7F /* Repertoires.h */,
				4ACCC9F12BBE2ACF00670A7F /* Repertoires.m */,
				4ACCC9F62BBE2ACF00670A7F /* SopClasses.h */,
				4ACCC9EF2BBE2ACF00670A7F /* SopClasses.m */,
				4ACCC9F42BBE2ACF00670A7F /* TransferSyntaxes.h */,
				4ACCC9F52BBE2ACF00670A7F /* TransferSyntaxes.m */,
				4A80979F2BC034720042CAC1 /* eDCKVprefixtag.h */,
				4A39E46B2C2A342B004DE4FB /* eDCKVprefixtag.m */,
			);
			path = dicm;
			sourceTree = "<group>";
		};
		4A8099642BD0A5290042CAC1 /* dicm2jsonbinref */ = {
			isa = PBXGroup;
			children = (
				4A80999C2BD0A6590042CAC1 /* dckvapi.m */,
				4A80999D2BD0A6590042CAC1 /* README.md */,
			);
			path = dicm2jsonbinref;
			sourceTree = "<group>";
		};
		4AC9A5302C5452A40078C566 /* dicm2cda */ = {
			isa = PBXGroup;
			children = (
				4AC9A5462C54550B0078C566 /* README.md */,
				4AC9A5372C54531B0078C566 /* dckvapi.m */,
			);
			path = dicm2cda;
			sourceTree = "<group>";
		};
		4ACCC9DB2BBDC40A00670A7F = {
			isa = PBXGroup;
			children = (
				4A8099B62BDBEEC80042CAC1 /* dcmtk */,
				4A8097AA2BC189A20042CAC1 /* README.md */,
				4A8098152BC90B6A0042CAC1 /* TODO.txt */,
				4ABA009D2C0A1CB80066AED3 /* doc_fread.txt */,
				4ACCCA002BBF098900670A7F /* dckvtype.h */,
				4A0AA46A2C5ADFDC002979A3 /* dckvtype.c */,
				4A8099422BCE92690042CAC1 /* dicm */,
				4ACCC9E62BBDC40A00670A7F /* dicm2dckv */,
				4ACCC9E52BBDC40A00670A7F /* Products */,
			);
			sourceTree = "<group>";
		};
		4ACCC9E52BBDC40A00670A7F /* Products */ = {
			isa = PBXGroup;
			children = (
				4ACCC9E42BBDC40A00670A7F /* dicm2mdbx */,
				4A8097F92BC90A370042CAC1 /* dicmstructdump */,
				4A80982A2BC931FE0042CAC1 /* dicm2xml */,
				4A80996D2BD0A5DA0042CAC1 /* dicm2jsonbinref */,
				4A39E43D2C2998F7004DE4FB /* eDCKVinline */,
				4AC9A5232C5451EE0078C566 /* dicm2cda */,
			);
			name = Products;
			sourceTree = "<group>";
		};
		4ACCC9E62BBDC40A00670A7F /* dicm2dckv */ = {
			isa = PBXGroup;
			children = (
				4A80992B2BCE913C0042CAC1 /* README.md */,
				4ACCCA032BBF3F1900670A7F /* dckvapi.h */,
				4A8097A22BC181380042CAC1 /* dckvvapi */,
				4ACCC9F02BBE2ACF00670A7F /* dicm2dckv.h */,
				4ACCC9F22BBE2ACF00670A7F /* dicm2dckv.m */,
				4ACCC9E72BBDC40A00670A7F /* main.m */,
			);
			path = dicm2dckv;
			sourceTree = "<group>";
		};
/* End PBXGroup section */

/* Begin PBXHeadersBuildPhase section */
		4A0AA4832C5AF4CB002979A3 /* Headers */ = {
			isa = PBXHeadersBuildPhase;
			buildActionMask = 2147483647;
			files = (
				4A0AA4842C5AF4D7002979A3 /* dckvtype.h in Headers */,
				4A0AA48B2C5AF4DE002979A3 /* Repertoires.h in Headers */,
				4A0AA4922C5AF4E2002979A3 /* SopClasses.h in Headers */,
				4A0AA4992C5AF4EA002979A3 /* TransferSyntaxes.h in Headers */,
				4A0AA4A02C5AF4F1002979A3 /* eDCKVprefixtag.h in Headers */,
				4A0AA4AE2C5AF517002979A3 /* dicm2dckv.h in Headers */,
				4A0AA4A72C5AF507002979A3 /* dckvapi.h in Headers */,
			);
			runOnlyForDeploymentPostprocessing = 0;
		};
/* End PBXHeadersBuildPhase section */

/* Begin PBXNativeTarget section */
		4A39E43C2C2998F7004DE4FB /* eDCKVinline */ = {
			isa = PBXNativeTarget;
			buildConfigurationList = 4A39E4412C2998F7004DE4FB /* Build configuration list for PBXNativeTarget "eDCKVinline" */;
			buildPhases = (
				4A39E4392C2998F7004DE4FB /* Sources */,
				4A39E43A2C2998F7004DE4FB /* Frameworks */,
				4A39E43B2C2998F7004DE4FB /* CopyFiles */,
			);
			buildRules = (
			);
			dependencies = (
			);
			name = eDCKVinline;
			productName = eDCKVinline;
			productReference = 4A39E43D2C2998F7004DE4FB /* eDCKVinline */;
			productType = "com.apple.product-type.tool";
		};
		4A8097F82BC90A370042CAC1 /* dicmstructdump */ = {
			isa = PBXNativeTarget;
			buildConfigurationList = 4A8097FD2BC90A370042CAC1 /* Build configuration list for PBXNativeTarget "dicmstructdump" */;
			buildPhases = (
				4A8097F52BC90A370042CAC1 /* Sources */,
				4A8097F62BC90A370042CAC1 /* Frameworks */,
				4A8097F72BC90A370042CAC1 /* CopyFiles */,
			);
			buildRules = (
			);
			dependencies = (
			);
			name = dicmstructdump;
			productName = dicmstructdump;
			productReference = 4A8097F92BC90A370042CAC1 /* dicmstructdump */;
			productType = "com.apple.product-type.tool";
		};
		4A8098292BC931FE0042CAC1 /* dicm2xml */ = {
			isa = PBXNativeTarget;
			buildConfigurationList = 4A80982E2BC931FE0042CAC1 /* Build configuration list for PBXNativeTarget "dicm2xml" */;
			buildPhases = (
				4A8098262BC931FE0042CAC1 /* Sources */,
				4A8098272BC931FE0042CAC1 /* Frameworks */,
				4A8098282BC931FE0042CAC1 /* CopyFiles */,
			);
			buildRules = (
			);
			dependencies = (
			);
			name = dicm2xml;
			productName = dicm2xml;
			productReference = 4A80982A2BC931FE0042CAC1 /* dicm2xml */;
			productType = "com.apple.product-type.tool";
		};
		4A80996C2BD0A5DA0042CAC1 /* dicm2jsonbinref */ = {
			isa = PBXNativeTarget;
			buildConfigurationList = 4A8099712BD0A5DA0042CAC1 /* Build configuration list for PBXNativeTarget "dicm2jsonbinref" */;
			buildPhases = (
				4A8099692BD0A5DA0042CAC1 /* Sources */,
				4A80996A2BD0A5DA0042CAC1 /* Frameworks */,
				4A80996B2BD0A5DA0042CAC1 /* CopyFiles */,
			);
			buildRules = (
			);
			dependencies = (
			);
			name = dicm2jsonbinref;
			productName = dicm2jsonbinref;
			productReference = 4A80996D2BD0A5DA0042CAC1 /* dicm2jsonbinref */;
			productType = "com.apple.product-type.tool";
		};
		4AC9A5162C5451EE0078C566 /* dicm2cda */ = {
			isa = PBXNativeTarget;
			buildConfigurationList = 4AC9A5202C5451EE0078C566 /* Build configuration list for PBXNativeTarget "dicm2cda" */;
			buildPhases = (
				4A0AA4832C5AF4CB002979A3 /* Headers */,
				4AC9A5172C5451EE0078C566 /* Sources */,
				4AC9A51E2C5451EE0078C566 /* Frameworks */,
				4AC9A51F2C5451EE0078C566 /* CopyFiles */,
			);
			buildRules = (
			);
			dependencies = (
			);
			name = dicm2cda;
			productName = dicmstructdump;
			productReference = 4AC9A5232C5451EE0078C566 /* dicm2cda */;
			productType = "com.apple.product-type.tool";
		};
		4ACCC9E32BBDC40A00670A7F /* dicm2mdbx */ = {
			isa = PBXNativeTarget;
			buildConfigurationList = 4ACCC9EB2BBDC40A00670A7F /* Build configuration list for PBXNativeTarget "dicm2mdbx" */;
			buildPhases = (
				4ACCC9E02BBDC40A00670A7F /* Sources */,
				4ACCC9E12BBDC40A00670A7F /* Frameworks */,
				4ACCC9E22BBDC40A00670A7F /* CopyFiles */,
			);
			buildRules = (
			);
			dependencies = (
			);
			name = dicm2mdbx;
			productName = dicm2mdbx;
			productReference = 4ACCC9E42BBDC40A00670A7F /* dicm2mdbx */;
			productType = "com.apple.product-type.tool";
		};
/* End PBXNativeTarget section */

/* Begin PBXProject section */
		4ACCC9DC2BBDC40A00670A7F /* Project object */ = {
			isa = PBXProject;
			attributes = {
				LastUpgradeCheck = 1240;
				TargetAttributes = {
					4A39E43C2C2998F7004DE4FB = {
						CreatedOnToolsVersion = 12.4;
					};
					4A8097F82BC90A370042CAC1 = {
						CreatedOnToolsVersion = 12.4;
					};
					4A8098292BC931FE0042CAC1 = {
						CreatedOnToolsVersion = 12.4;
					};
					4A80996C2BD0A5DA0042CAC1 = {
						CreatedOnToolsVersion = 12.4;
					};
					4ACCC9E32BBDC40A00670A7F = {
						CreatedOnToolsVersion = 12.4;
					};
				};
			};
			buildConfigurationList = 4ACCC9DF2BBDC40A00670A7F /* Build configuration list for PBXProject "dicm2dckv" */;
			compatibilityVersion = "Xcode 9.3";
			developmentRegion = en;
			hasScannedForEncodings = 0;
			knownRegions = (
				en,
				Base,
			);
			mainGroup = 4ACCC9DB2BBDC40A00670A7F;
			productRefGroup = 4ACCC9E52BBDC40A00670A7F /* Products */;
			projectDirPath = "";
			projectRoot = "";
			targets = (
				4ACCC9E32BBDC40A00670A7F /* dicm2mdbx */,
				4A8097F82BC90A370042CAC1 /* dicmstructdump */,
				4A8098292BC931FE0042CAC1 /* dicm2xml */,
				4A80996C2BD0A5DA0042CAC1 /* dicm2jsonbinref */,
				4A39E43C2C2998F7004DE4FB /* eDCKVinline */,
				4AC9A5162C5451EE0078C566 /* dicm2cda */,
			);
		};
/* End PBXProject section */

/* Begin PBXSourcesBuildPhase section */
		4A39E4392C2998F7004DE4FB /* Sources */ = {
			isa = PBXSourcesBuildPhase;
			buildActionMask = 2147483647;
			files = (
				4A0AA46F2C5ADFDC002979A3 /* dckvtype.c in Sources */,
				4A39E46C2C2A342B004DE4FB /* eDCKVprefixtag.m in Sources */,
				4A39E4652C299A8F004DE4FB /* dicm2dckv.m in Sources */,
				4A39E45F2C299A69004DE4FB /* main.m in Sources */,
				4A39E4572C299A41004DE4FB /* Repertoires.m in Sources */,
				4A39E4582C299A41004DE4FB /* SopClasses.m in Sources */,
				4A39E4592C299A41004DE4FB /* TransferSyntaxes.m in Sources */,
				4A39E4512C299968004DE4FB /* dckvapi.m in Sources */,
			);
			runOnlyForDeploymentPostprocessing = 0;
		};
		4A8097F52BC90A370042CAC1 /* Sources */ = {
			isa = PBXSourcesBuildPhase;
			buildActionMask = 2147483647;
			files = (
				4A80980A2BC90AB50042CAC1 /* Repertoires.m in Sources */,
				4A80980B2BC90AB50042CAC1 /* SopClasses.m in Sources */,
				4A80980C2BC90AB50042CAC1 /* TransferSyntaxes.m in Sources */,
				4A80980D2BC90AB50042CAC1 /* dicm2dckv.m in Sources */,
				4A0AA46C2C5ADFDC002979A3 /* dckvtype.c in Sources */,
				4A80980E2BC90AB50042CAC1 /* main.m in Sources */,
				4A8098032BC90A540042CAC1 /* dckvapi.m in Sources */,
			);
			runOnlyForDeploymentPostprocessing = 0;
		};
		4A8098262BC931FE0042CAC1 /* Sources */ = {
			isa = PBXSourcesBuildPhase;
			buildActionMask = 2147483647;
			files = (
				4A0AA46D2C5ADFDC002979A3 /* dckvtype.c in Sources */,
				4A80982D2BC931FE0042CAC1 /* dckvapi.m in Sources */,
			);
			runOnlyForDeploymentPostprocessing = 0;
		};
		4A8099692BD0A5DA0042CAC1 /* Sources */ = {
			isa = PBXSourcesBuildPhase;
			buildActionMask = 2147483647;
			files = (
				4A8099962BD0A6420042CAC1 /* TransferSyntaxes.m in Sources */,
				4A8099902BD0A63D0042CAC1 /* SopClasses.m in Sources */,
				4A80997E2BD0A62B0042CAC1 /* main.m in Sources */,
				4A8099842BD0A62F0042CAC1 /* dicm2dckv.m in Sources */,
				4A0AA46E2C5ADFDC002979A3 /* dckvtype.c in Sources */,
				4A80998A2BD0A6370042CAC1 /* Repertoires.m in Sources */,
				4A8099A42BD0A6660042CAC1 /* dckvapi.m in Sources */,
			);
			runOnlyForDeploymentPostprocessing = 0;
		};
		4AC9A5172C5451EE0078C566 /* Sources */ = {
			isa = PBXSourcesBuildPhase;
			buildActionMask = 2147483647;
			files = (
				4AC9A5182C5451EE0078C566 /* Repertoires.m in Sources */,
				4AC9A5192C5451EE0078C566 /* SopClasses.m in Sources */,
				4AC9A51A2C5451EE0078C566 /* TransferSyntaxes.m in Sources */,
				4AC9A51B2C5451EE0078C566 /* dicm2dckv.m in Sources */,
				4A0AA4702C5ADFDC002979A3 /* dckvtype.c in Sources */,
				4AC9A51C2C5451EE0078C566 /* main.m in Sources */,
				4AC9A53F2C54532C0078C566 /* dckvapi.m in Sources */,
			);
			runOnlyForDeploymentPostprocessing = 0;
		};
		4ACCC9E02BBDC40A00670A7F /* Sources */ = {
			isa = PBXSourcesBuildPhase;
			buildActionMask = 2147483647;
			files = (
				4A0AA46B2C5ADFDC002979A3 /* dckvtype.c in Sources */,
				4ACCC9E82BBDC40A00670A7F /* main.m in Sources */,
				4ACCC9F82BBE2ACF00670A7F /* Repertoires.m in Sources */,
				4A6982AE2C1CE43A0094F9D9 /* mdbx.c in Sources */,
				4ACCC9FA2BBE2ACF00670A7F /* TransferSyntaxes.m in Sources */,
				4ACCC9F72BBE2ACF00670A7F /* SopClasses.m in Sources */,
				4ACCC9F92BBE2ACF00670A7F /* dicm2dckv.m in Sources */,
				4A8099362BCE91B90042CAC1 /* dckvapi.m in Sources */,
			);
			runOnlyForDeploymentPostprocessing = 0;
		};
/* End PBXSourcesBuildPhase section */

/* Begin XCBuildConfiguration section */
		4A39E4422C2998F7004DE4FB /* Debug */ = {
			isa = XCBuildConfiguration;
			buildSettings = {
				CODE_SIGN_STYLE = Automatic;
				PRODUCT_NAME = "$(TARGET_NAME)";
			};
			name = Debug;
		};
		4A39E4432C2998F7004DE4FB /* Release */ = {
			isa = XCBuildConfiguration;
			buildSettings = {
				CODE_SIGN_STYLE = Automatic;
				PRODUCT_NAME = "$(TARGET_NAME)";
			};
			name = Release;
		};
		4A8097FE2BC90A370042CAC1 /* Debug */ = {
			isa = XCBuildConfiguration;
			buildSettings = {
				CODE_SIGN_STYLE = Automatic;
				PRODUCT_NAME = "$(TARGET_NAME)";
			};
			name = Debug;
		};
		4A8097FF2BC90A370042CAC1 /* Release */ = {
			isa = XCBuildConfiguration;
			buildSettings = {
				CODE_SIGN_STYLE = Automatic;
				PRODUCT_NAME = "$(TARGET_NAME)";
			};
			name = Release;
		};
		4A80982F2BC931FE0042CAC1 /* Debug */ = {
			isa = XCBuildConfiguration;
			buildSettings = {
				CODE_SIGN_STYLE = Automatic;
				PRODUCT_NAME = "$(TARGET_NAME)";
			};
			name = Debug;
		};
		4A8098302BC931FE0042CAC1 /* Release */ = {
			isa = XCBuildConfiguration;
			buildSettings = {
				CODE_SIGN_STYLE = Automatic;
				PRODUCT_NAME = "$(TARGET_NAME)";
			};
			name = Release;
		};
		4A8099722BD0A5DA0042CAC1 /* Debug */ = {
			isa = XCBuildConfiguration;
			buildSettings = {
				CODE_SIGN_STYLE = Automatic;
				PRODUCT_NAME = "$(TARGET_NAME)";
			};
			name = Debug;
		};
		4A8099732BD0A5DA0042CAC1 /* Release */ = {
			isa = XCBuildConfiguration;
			buildSettings = {
				CODE_SIGN_STYLE = Automatic;
				PRODUCT_NAME = "$(TARGET_NAME)";
			};
			name = Release;
		};
		4AC9A5212C5451EE0078C566 /* Debug */ = {
			isa = XCBuildConfiguration;
			buildSettings = {
				CODE_SIGN_STYLE = Automatic;
				PRODUCT_NAME = "$(TARGET_NAME)";
			};
			name = Debug;
		};
		4AC9A5222C5451EE0078C566 /* Release */ = {
			isa = XCBuildConfiguration;
			buildSettings = {
				CODE_SIGN_STYLE = Automatic;
				PRODUCT_NAME = "$(TARGET_NAME)";
			};
			name = Release;
		};
		4ACCC9E92BBDC40A00670A7F /* Debug */ = {
			isa = XCBuildConfiguration;
			buildSettings = {
				ALWAYS_SEARCH_USER_PATHS = NO;
				CLANG_ANALYZER_NONNULL = YES;
				CLANG_ANALYZER_NUMBER_OBJECT_CONVERSION = YES_AGGRESSIVE;
				CLANG_CXX_LANGUAGE_STANDARD = "gnu++14";
				CLANG_CXX_LIBRARY = "libc++";
				CLANG_ENABLE_MODULES = YES;
				CLANG_ENABLE_OBJC_ARC = YES;
				CLANG_ENABLE_OBJC_WEAK = YES;
				CLANG_WARN_BLOCK_CAPTURE_AUTORELEASING = YES;
				CLANG_WARN_BOOL_CONVERSION = YES;
				CLANG_WARN_COMMA = YES;
				CLANG_WARN_CONSTANT_CONVERSION = YES;
				CLANG_WARN_DEPRECATED_OBJC_IMPLEMENTATIONS = YES;
				CLANG_WARN_DIRECT_OBJC_ISA_USAGE = YES_ERROR;
				CLANG_WARN_DOCUMENTATION_COMMENTS = YES;
				CLANG_WARN_EMPTY_BODY = YES;
				CLANG_WARN_ENUM_CONVERSION = YES;
				CLANG_WARN_INFINITE_RECURSION = YES;
				CLANG_WARN_INT_CONVERSION = YES;
				CLANG_WARN_NON_LITERAL_NULL_CONVERSION = YES;
				CLANG_WARN_OBJC_IMPLICIT_RETAIN_SELF = YES;
				CLANG_WARN_OBJC_LITERAL_CONVERSION = YES;
				CLANG_WARN_OBJC_ROOT_CLASS = YES_ERROR;
				CLANG_WARN_QUOTED_INCLUDE_IN_FRAMEWORK_HEADER = YES;
				CLANG_WARN_RANGE_LOOP_ANALYSIS = YES;
				CLANG_WARN_STRICT_PROTOTYPES = YES;
				CLANG_WARN_SUSPICIOUS_MOVE = YES;
				CLANG_WARN_UNGUARDED_AVAILABILITY = YES_AGGRESSIVE;
				CLANG_WARN_UNREACHABLE_CODE = YES;
				CLANG_WARN__DUPLICATE_METHOD_MATCH = YES;
				COPY_PHASE_STRIP = NO;
				DEBUG_INFORMATION_FORMAT = dwarf;
				ENABLE_STRICT_OBJC_MSGSEND = YES;
				ENABLE_TESTABILITY = YES;
				GCC_C_LANGUAGE_STANDARD = gnu11;
				GCC_DYNAMIC_NO_PIC = NO;
				GCC_NO_COMMON_BLOCKS = YES;
				GCC_OPTIMIZATION_LEVEL = 0;
				GCC_PREPROCESSOR_DEFINITIONS = (
					"DEBUG=1",
					"$(inherited)",
				);
				GCC_WARN_64_TO_32_BIT_CONVERSION = YES;
				GCC_WARN_ABOUT_RETURN_TYPE = YES_ERROR;
				GCC_WARN_UNDECLARED_SELECTOR = YES;
				GCC_WARN_UNINITIALIZED_AUTOS = YES_AGGRESSIVE;
				GCC_WARN_UNUSED_FUNCTION = YES;
				GCC_WARN_UNUSED_VARIABLE = YES;
				MACOSX_DEPLOYMENT_TARGET = 10.15;
				MTL_ENABLE_DEBUG_INFO = INCLUDE_SOURCE;
				MTL_FAST_MATH = YES;
				ONLY_ACTIVE_ARCH = YES;
				SDKROOT = macosx;
			};
			name = Debug;
		};
		4ACCC9EA2BBDC40A00670A7F /* Release */ = {
			isa = XCBuildConfiguration;
			buildSettings = {
				ALWAYS_SEARCH_USER_PATHS = NO;
				CLANG_ANALYZER_NONNULL = YES;
				CLANG_ANALYZER_NUMBER_OBJECT_CONVERSION = YES_AGGRESSIVE;
				CLANG_CXX_LANGUAGE_STANDARD = "gnu++14";
				CLANG_CXX_LIBRARY = "libc++";
				CLANG_ENABLE_MODULES = YES;
				CLANG_ENABLE_OBJC_ARC = YES;
				CLANG_ENABLE_OBJC_WEAK = YES;
				CLANG_WARN_BLOCK_CAPTURE_AUTORELEASING = YES;
				CLANG_WARN_BOOL_CONVERSION = YES;
				CLANG_WARN_COMMA = YES;
				CLANG_WARN_CONSTANT_CONVERSION = YES;
				CLANG_WARN_DEPRECATED_OBJC_IMPLEMENTATIONS = YES;
				CLANG_WARN_DIRECT_OBJC_ISA_USAGE = YES_ERROR;
				CLANG_WARN_DOCUMENTATION_COMMENTS = YES;
				CLANG_WARN_EMPTY_BODY = YES;
				CLANG_WARN_ENUM_CONVERSION = YES;
				CLANG_WARN_INFINITE_RECURSION = YES;
				CLANG_WARN_INT_CONVERSION = YES;
				CLANG_WARN_NON_LITERAL_NULL_CONVERSION = YES;
				CLANG_WARN_OBJC_IMPLICIT_RETAIN_SELF = YES;
				CLANG_WARN_OBJC_LITERAL_CONVERSION = YES;
				CLANG_WARN_OBJC_ROOT_CLASS = YES_ERROR;
				CLANG_WARN_QUOTED_INCLUDE_IN_FRAMEWORK_HEADER = YES;
				CLANG_WARN_RANGE_LOOP_ANALYSIS = YES;
				CLANG_WARN_STRICT_PROTOTYPES = YES;
				CLANG_WARN_SUSPICIOUS_MOVE = YES;
				CLANG_WARN_UNGUARDED_AVAILABILITY = YES_AGGRESSIVE;
				CLANG_WARN_UNREACHABLE_CODE = YES;
				CLANG_WARN__DUPLICATE_METHOD_MATCH = YES;
				COPY_PHASE_STRIP = NO;
				DEBUG_INFORMATION_FORMAT = "dwarf-with-dsym";
				ENABLE_NS_ASSERTIONS = NO;
				ENABLE_STRICT_OBJC_MSGSEND = YES;
				GCC_C_LANGUAGE_STANDARD = gnu11;
				GCC_NO_COMMON_BLOCKS = YES;
				GCC_WARN_64_TO_32_BIT_CONVERSION = YES;
				GCC_WARN_ABOUT_RETURN_TYPE = YES_ERROR;
				GCC_WARN_UNDECLARED_SELECTOR = YES;
				GCC_WARN_UNINITIALIZED_AUTOS = YES_AGGRESSIVE;
				GCC_WARN_UNUSED_FUNCTION = YES;
				GCC_WARN_UNUSED_VARIABLE = YES;
				MACOSX_DEPLOYMENT_TARGET = 10.15;
				MTL_ENABLE_DEBUG_INFO = NO;
				MTL_FAST_MATH = YES;
				SDKROOT = macosx;
			};
			name = Release;
		};
		4ACCC9EC2BBDC40A00670A7F /* Debug */ = {
			isa = XCBuildConfiguration;
			buildSettings = {
				CODE_SIGN_STYLE = Automatic;
				PRODUCT_NAME = "$(TARGET_NAME)";
			};
			name = Debug;
		};
		4ACCC9ED2BBDC40A00670A7F /* Release */ = {
			isa = XCBuildConfiguration;
			buildSettings = {
				CODE_SIGN_STYLE = Automatic;
				PRODUCT_NAME = "$(TARGET_NAME)";
			};
			name = Release;
		};
/* End XCBuildConfiguration section */

/* Begin XCConfigurationList section */
		4A39E4412C2998F7004DE4FB /* Build configuration list for PBXNativeTarget "eDCKVinline" */ = {
			isa = XCConfigurationList;
			buildConfigurations = (
				4A39E4422C2998F7004DE4FB /* Debug */,
				4A39E4432C2998F7004DE4FB /* Release */,
			);
			defaultConfigurationIsVisible = 0;
			defaultConfigurationName = Release;
		};
		4A8097FD2BC90A370042CAC1 /* Build configuration list for PBXNativeTarget "dicmstructdump" */ = {
			isa = XCConfigurationList;
			buildConfigurations = (
				4A8097FE2BC90A370042CAC1 /* Debug */,
				4A8097FF2BC90A370042CAC1 /* Release */,
			);
			defaultConfigurationIsVisible = 0;
			defaultConfigurationName = Release;
		};
		4A80982E2BC931FE0042CAC1 /* Build configuration list for PBXNativeTarget "dicm2xml" */ = {
			isa = XCConfigurationList;
			buildConfigurations = (
				4A80982F2BC931FE0042CAC1 /* Debug */,
				4A8098302BC931FE0042CAC1 /* Release */,
			);
			defaultConfigurationIsVisible = 0;
			defaultConfigurationName = Release;
		};
		4A8099712BD0A5DA0042CAC1 /* Build configuration list for PBXNativeTarget "dicm2jsonbinref" */ = {
			isa = XCConfigurationList;
			buildConfigurations = (
				4A8099722BD0A5DA0042CAC1 /* Debug */,
				4A8099732BD0A5DA0042CAC1 /* Release */,
			);
			defaultConfigurationIsVisible = 0;
			defaultConfigurationName = Release;
		};
		4AC9A5202C5451EE0078C566 /* Build configuration list for PBXNativeTarget "dicm2cda" */ = {
			isa = XCConfigurationList;
			buildConfigurations = (
				4AC9A5212C5451EE0078C566 /* Debug */,
				4AC9A5222C5451EE0078C566 /* Release */,
			);
			defaultConfigurationIsVisible = 0;
			defaultConfigurationName = Release;
		};
		4ACCC9DF2BBDC40A00670A7F /* Build configuration list for PBXProject "dicm2dckv" */ = {
			isa = XCConfigurationList;
			buildConfigurations = (
				4ACCC9E92BBDC40A00670A7F /* Debug */,
				4ACCC9EA2BBDC40A00670A7F /* Release */,
			);
			defaultConfigurationIsVisible = 0;
			defaultConfigurationName = Release;
		};
		4ACCC9EB2BBDC40A00670A7F /* Build configuration list for PBXNativeTarget "dicm2mdbx" */ = {
			isa = XCConfigurationList;
			buildConfigurations = (
				4ACCC9EC2BBDC40A00670A7F /* Debug */,
				4ACCC9ED2BBDC40A00670A7F /* Release */,
			);
			defaultConfigurationIsVisible = 0;
			defaultConfigurationName = Release;
		};
/* End XCConfigurationList section */
	};
	rootObject = 4ACCC9DC2BBDC40A00670A7F /* Project object */;
}
